
Microsoft Visual Studio Solution File, Format Version 11.00
# Visual Studio 2010
Project("{FAE04EC0-301F-11D3-BF4B-00C04F79EFBC}") = "WoodMac.ModelEx.Core", "WoodMac.ModelEx.Core.csproj", "{3F642A5B-DA70-4289-A453-DF0E9C241D99}"
EndProject
Global
	GlobalSection(TeamFoundationVersionControl) = preSolution
		SccNumberOfProjects = 1
		SccEnterpriseProvider = {4CA58AB2-18FA-4F8D-95D4-32DDF27D184C}
		SccTeamFoundationServer = http://edi-demotf01:8080/tfs/woodmac.demo.project.collection
		SccProjectUniqueName0 = WoodMac.ModelEx.Core.csproj
		SccProjectName0 = .
		SccAuxPath0 = http://edi-demotf01:8080/tfs/woodmac.demo.project.collection
		SccLocalPath0 = .
		SccProvider0 = {4CA58AB2-18FA-4F8D-95D4-32DDF27D184C}
	EndGlobalSection
	GlobalSection(SolutionConfigurationPlatforms) = preSolution
		Debug|Any CPU = Debug|Any CPU
		Release|Any CPU = Release|Any CPU
	EndGlobalSection
	GlobalSection(ProjectConfigurationPlatforms) = postSolution
		{3F642A5B-DA70-4289-A453-DF0E9C241D99}.Debug|Any CPU.ActiveCfg = Debug|Any CPU
		{3F642A5B-DA70-4289-A453-DF0E9C241D99}.Debug|Any CPU.Build.0 = Debug|Any CPU
		{3F642A5B-DA70-4289-A453-DF0E9C241D99}.Release|Any CPU.ActiveCfg = Release|Any CPU
		{3F642A5B-DA70-4289-A453-DF0E9C241D99}.Release|Any CPU.Build.0 = Release|Any CPU
	EndGlobalSection
	GlobalSection(SolutionProperties) = preSolution
		HideSolutionNode = FALSE
	EndGlobalSection
EndGlobal
